
Microsoft Visual Studio Solution File, Format Version 12.00
# Visual Studio Version 17
VisualStudioVersion = 17.11.35222.181
MinimumVisualStudioVersion = 10.0.40219.1
Project("{FAE04EC0-301F-11D3-BF4B-00C04F79EFBC}") = "Dice game", "Dice game.csproj", "{939D4B1E-51E1-4A94-B739-07B86F9BDFEC}"
EndProject
Global
	GlobalSection(SolutionConfigurationPlatforms) = preSolution
		Debug|Any CPU = Debug|Any CPU
		Release|Any CPU = Release|Any CPU
	EndGlobalSection
	GlobalSection(ProjectConfigurationPlatforms) = postSolution
		{939D4B1E-51E1-4A94-B739-07B86F9BDFEC}.Debug|Any CPU.ActiveCfg = Debug|Any CPU
		{939D4B1E-51E1-4A94-B739-07B86F9BDFEC}.Debug|Any CPU.Build.0 = Debug|Any CPU
		{939D4B1E-51E1-4A94-B739-07B86F9BDFEC}.Release|Any CPU.ActiveCfg = Release|Any CPU
		{939D4B1E-51E1-4A94-B739-07B86F9BDFEC}.Release|Any CPU.Build.0 = Release|Any CPU
	EndGlobalSection
	GlobalSection(SolutionProperties) = preSolution
		HideSolutionNode = FALSE
	EndGlobalSection
	GlobalSection(ExtensibilityGlobals) = postSolution
		SolutionGuid = {8367D7AC-1CA8-44D3-A77A-F0E366287FDF}
	EndGlobalSection
EndGlobal
