
Microsoft Visual Studio Solution File, Format Version 12.00
# Visual Studio Version 17
VisualStudioVersion = 17.11.35222.181
MinimumVisualStudioVersion = 10.0.40219.1
Project("{FAE04EC0-301F-11D3-BF4B-00C04F79EFBC}") = "Calculator", "Calculator.csproj", "{67F40C43-8128-44CB-82A6-582AD495CFAF}"
EndProject
Global
	GlobalSection(SolutionConfigurationPlatforms) = preSolution
		Debug|Any CPU = Debug|Any CPU
		Release|Any CPU = Release|Any CPU
	EndGlobalSection
	GlobalSection(ProjectConfigurationPlatforms) = postSolution
		{67F40C43-8128-44CB-82A6-582AD495CFAF}.Debug|Any CPU.ActiveCfg = Debug|Any CPU
		{67F40C43-8128-44CB-82A6-582AD495CFAF}.Debug|Any CPU.Build.0 = Debug|Any CPU
		{67F40C43-8128-44CB-82A6-582AD495CFAF}.Release|Any CPU.ActiveCfg = Release|Any CPU
		{67F40C43-8128-44CB-82A6-582AD495CFAF}.Release|Any CPU.Build.0 = Release|Any CPU
	EndGlobalSection
	GlobalSection(SolutionProperties) = preSolution
		HideSolutionNode = FALSE
	EndGlobalSection
	GlobalSection(ExtensibilityGlobals) = postSolution
		SolutionGuid = {DEC185F2-43D8-4F25-9A48-8260C73769D7}
	EndGlobalSection
EndGlobal
